
Microsoft Visual Studio Solution File, Format Version 12.00
# Visual Studio Version 16
VisualStudioVersion = 16.0.32413.511
MinimumVisualStudioVersion = 10.0.40219.1
Project("{9A19103F-16F7-4668-BE54-9A1E7A4F7556}") = "KeySetPagination.DataAccess", "KeySetPagination.DataAccess\KeySetPagination.DataAccess.csproj", "{637B3AF9-EE7A-4272-8A6D-4A23B890B5C8}"
EndProject
Project("{FAE04EC0-301F-11D3-BF4B-00C04F79EFBC}") = "KeySetPagination.Benchmark", "KeySetPagination.Benchmark\KeySetPagination.Benchmark.csproj", "{6D2D9418-5CAF-462E-8289-B5080233FED2}"
EndProject
Global
	GlobalSection(SolutionConfigurationPlatforms) = preSolution
		Debug|Any CPU = Debug|Any CPU
		Release|Any CPU = Release|Any CPU
	EndGlobalSection
	GlobalSection(ProjectConfigurationPlatforms) = postSolution
		{637B3AF9-EE7A-4272-8A6D-4A23B890B5C8}.Debug|Any CPU.ActiveCfg = Debug|Any CPU
		{637B3AF9-EE7A-4272-8A6D-4A23B890B5C8}.Debug|Any CPU.Build.0 = Debug|Any CPU
		{637B3AF9-EE7A-4272-8A6D-4A23B890B5C8}.Release|Any CPU.ActiveCfg = Release|Any CPU
		{637B3AF9-EE7A-4272-8A6D-4A23B890B5C8}.Release|Any CPU.Build.0 = Release|Any CPU
		{6D2D9418-5CAF-462E-8289-B5080233FED2}.Debug|Any CPU.ActiveCfg = Debug|Any CPU
		{6D2D9418-5CAF-462E-8289-B5080233FED2}.Debug|Any CPU.Build.0 = Debug|Any CPU
		{6D2D9418-5CAF-462E-8289-B5080233FED2}.Release|Any CPU.ActiveCfg = Release|Any CPU
		{6D2D9418-5CAF-462E-8289-B5080233FED2}.Release|Any CPU.Build.0 = Release|Any CPU
	EndGlobalSection
	GlobalSection(SolutionProperties) = preSolution
		HideSolutionNode = FALSE
	EndGlobalSection
	GlobalSection(ExtensibilityGlobals) = postSolution
		SolutionGuid = {9EE130D8-21D6-40FB-A89C-548CBD059186}
	EndGlobalSection
EndGlobal
